// !$*UTF8*$!
{
	archiveVersion = 1;
	classes = {
	};
	objectVersion = 55;
	objects = {

/* Begin PBXBuildFile section */
		4E3EA2CBDA92683233BF506D /* Pods_Flix.framework in Frameworks */ = {isa = PBXBuildFile; fileRef = 85FC596E78D9859B4E21B533 /* Pods_Flix.framework */; };
		9BB248DF27C2116C00315D43 /* AppDelegate.swift in Sources */ = {isa = PBXBuildFile; fileRef = 9BB248DE27C2116C00315D43 /* AppDelegate.swift */; };
		9BB248E127C2116C00315D43 /* SceneDelegate.swift in Sources */ = {isa = PBXBuildFile; fileRef = 9BB248E027C2116C00315D43 /* SceneDelegate.swift */; };
		9BB248E327C2116C00315D43 /* FlixViewController.swift in Sources */ = {isa = PBXBuildFile; fileRef = 9BB248E227C2116C00315D43 /* FlixViewController.swift */; };
		9BB248E627C2116C00315D43 /* Main.storyboard in Resources */ = {isa = PBXBuildFile; fileRef = 9BB248E427C2116C00315D43 /* Main.storyboard */; };
		9BB248E827C2116E00315D43 /* Assets.xcassets in Resources */ = {isa = PBXBuildFile; fileRef = 9BB248E727C2116E00315D43 /* Assets.xcassets */; };
		9BB248EB27C2116E00315D43 /* LaunchScreen.storyboard in Resources */ = {isa = PBXBuildFile; fileRef = 9BB248E927C2116E00315D43 /* LaunchScreen.storyboard */; };
		9BB248F427C221E700315D43 /* MoviesCell.swift in Sources */ = {isa = PBXBuildFile; fileRef = 9BB248F327C221E700315D43 /* MoviesCell.swift */; };
		9BD363F827CABE9B003EB09E /* FlixDetailsViewController.swift in Sources */ = {isa = PBXBuildFile; fileRef = 9BD363F727CABE9B003EB09E /* FlixDetailsViewController.swift */; };
		9BD363FA27CC1A57003EB09E /* FlixGridViewController.swift in Sources */ = {isa = PBXBuildFile; fileRef = 9BD363F927CC1A57003EB09E /* FlixGridViewController.swift */; };
		9BD363FC27CC21D3003EB09E /* FlixGridCell.swift in Sources */ = {isa = PBXBuildFile; fileRef = 9BD363FB27CC21D3003EB09E /* FlixGridCell.swift */; };
		9BD363FE27CC3BB0003EB09E /* FlixPreviewViewController.swift in Sources */ = {isa = PBXBuildFile; fileRef = 9BD363FD27CC3BB0003EB09E /* FlixPreviewViewController.swift */; };
/* End PBXBuildFile section */

/* Begin PBXFileReference section */
		3BF39C56FB3B9B587ADAC834 /* Pods-Flix.debug.xcconfig */ = {isa = PBXFileReference; includeInIndex = 1; lastKnownFileType = text.xcconfig; name = "Pods-Flix.debug.xcconfig"; path = "Target Support Files/Pods-Flix/Pods-Flix.debug.xcconfig"; sourceTree = "<group>"; };
		7833C352E171F8426FAE697A /* Pods-Flix.release.xcconfig */ = {isa = PBXFileReference; includeInIndex = 1; lastKnownFileType = text.xcconfig; name = "Pods-Flix.release.xcconfig"; path = "Target Support Files/Pods-Flix/Pods-Flix.release.xcconfig"; sourceTree = "<group>"; };
		85FC596E78D9859B4E21B533 /* Pods_Flix.framework */ = {isa = PBXFileReference; explicitFileType = wrapper.framework; includeInIndex = 0; path = Pods_Flix.framework; sourceTree = BUILT_PRODUCTS_DIR; };
		9BB248DB27C2116C00315D43 /* Flix.app */ = {isa = PBXFileReference; explicitFileType = wrapper.application; includeInIndex = 0; path = Flix.app; sourceTree = BUILT_PRODUCTS_DIR; };
		9BB248DE27C2116C00315D43 /* AppDelegate.swift */ = {isa = PBXFileReference; lastKnownFileType = sourcecode.swift; path = AppDelegate.swift; sourceTree = "<group>"; };
		9BB248E027C2116C00315D43 /* SceneDelegate.swift */ = {isa = PBXFileReference; lastKnownFileType = sourcecode.swift; path = SceneDelegate.swift; sourceTree = "<group>"; };
		9BB248E227C2116C00315D43 /* FlixViewController.swift */ = {isa = PBXFileReference; lastKnownFileType = sourcecode.swift; path = FlixViewController.swift; sourceTree = "<group>"; };
		9BB248E527C2116C00315D43 /* Base */ = {isa = PBXFileReference; lastKnownFileType = file.storyboard; name = Base; path = Base.lproj/Main.storyboard; sourceTree = "<group>"; };
		9BB248E727C2116E00315D43 /* Assets.xcassets */ = {isa = PBXFileReference; lastKnownFileType = folder.assetcatalog; path = Assets.xcassets; sourceTree = "<group>"; };
		9BB248EA27C2116E00315D43 /* Base */ = {isa = PBXFileReference; lastKnownFileType = file.storyboard; name = Base; path = Base.lproj/LaunchScreen.storyboard; sourceTree = "<group>"; };
		9BB248EC27C2116E00315D43 /* Info.plist */ = {isa = PBXFileReference; lastKnownFileType = text.plist.xml; path = Info.plist; sourceTree = "<group>"; };
		9BB248F327C221E700315D43 /* MoviesCell.swift */ = {isa = PBXFileReference; lastKnownFileType = sourcecode.swift; path = MoviesCell.swift; sourceTree = "<group>"; };
		9BD363F727CABE9B003EB09E /* FlixDetailsViewController.swift */ = {isa = PBXFileReference; lastKnownFileType = sourcecode.swift; path = FlixDetailsViewController.swift; sourceTree = "<group>"; };
		9BD363F927CC1A57003EB09E /* FlixGridViewController.swift */ = {isa = PBXFileReference; lastKnownFileType = sourcecode.swift; path = FlixGridViewController.swift; sourceTree = "<group>"; };
		9BD363FB27CC21D3003EB09E /* FlixGridCell.swift */ = {isa = PBXFileReference; lastKnownFileType = sourcecode.swift; path = FlixGridCell.swift; sourceTree = "<group>"; };
		9BD363FD27CC3BB0003EB09E /* FlixPreviewViewController.swift */ = {isa = PBXFileReference; lastKnownFileType = sourcecode.swift; path = FlixPreviewViewController.swift; sourceTree = "<group>"; };
/* End PBXFileReference section */

/* Begin PBXFrameworksBuildPhase section */
		9BB248D827C2116C00315D43 /* Frameworks */ = {
			isa = PBXFrameworksBuildPhase;
			buildActionMask = 2147483647;
			files = (
				4E3EA2CBDA92683233BF506D /* Pods_Flix.framework in Frameworks */,
			);
			runOnlyForDeploymentPostprocessing = 0;
		};
/* End PBXFrameworksBuildPhase section */

/* Begin PBXGroup section */
		2BB6422DF523BC0C1D9F311D /* Frameworks */ = {
			isa = PBXGroup;
			children = (
				85FC596E78D9859B4E21B533 /* Pods_Flix.framework */,
			);
			name = Frameworks;
			sourceTree = "<group>";
		};
		9BB248D227C2116C00315D43 = {
			isa = PBXGroup;
			children = (
				9BB248DD27C2116C00315D43 /* Flix */,
				9BB248DC27C2116C00315D43 /* Products */,
				CA5A47739F4F23D4D86BB41B /* Pods */,
				2BB6422DF523BC0C1D9F311D /* Frameworks */,
			);
			sourceTree = "<group>";
		};
		9BB248DC27C2116C00315D43 /* Products */ = {
			isa = PBXGroup;
			children = (
				9BB248DB27C2116C00315D43 /* Flix.app */,
			);
			name = Products;
			sourceTree = "<group>";
		};
		9BB248DD27C2116C00315D43 /* Flix */ = {
			isa = PBXGroup;
			children = (
				9BB248EC27C2116E00315D43 /* Info.plist */,
				9BB248DE27C2116C00315D43 /* AppDelegate.swift */,
				9BD363F727CABE9B003EB09E /* FlixDetailsViewController.swift */,
				9BB248E227C2116C00315D43 /* FlixViewController.swift */,
				9BB248F327C221E700315D43 /* MoviesCell.swift */,
				9BB248E027C2116C00315D43 /* SceneDelegate.swift */,
				9BB248E727C2116E00315D43 /* Assets.xcassets */,
				9BB248E927C2116E00315D43 /* LaunchScreen.storyboard */,
				9BB248E427C2116C00315D43 /* Main.storyboard */,
				9BD363F927CC1A57003EB09E /* FlixGridViewController.swift */,
				9BD363FB27CC21D3003EB09E /* FlixGridCell.swift */,
				9BD363FD27CC3BB0003EB09E /* FlixPreviewViewController.swift */,
			);
			path = Flix;
			sourceTree = "<group>";
		};
		CA5A47739F4F23D4D86BB41B /* Pods */ = {
			isa = PBXGroup;
			children = (
				3BF39C56FB3B9B587ADAC834 /* Pods-Flix.debug.xcconfig */,
				7833C352E171F8426FAE697A /* Pods-Flix.release.xcconfig */,
			);
			path = Pods;
			sourceTree = "<group>";
		};
/* End PBXGroup section */

/* Begin PBXNativeTarget section */
		9BB248DA27C2116C00315D43 /* Flix */ = {
			isa = PBXNativeTarget;
			buildConfigurationList = 9BB248EF27C2116E00315D43 /* Build configuration list for PBXNativeTarget "Flix" */;
			buildPhases = (
				9D0A222F2311B5BAB4CFC922 /* [CP] Check Pods Manifest.lock */,
				9BB248D727C2116C00315D43 /* Sources */,
				9BB248D827C2116C00315D43 /* Frameworks */,
				9BB248D927C2116C00315D43 /* Resources */,
				9BB248F227C2121D00315D43 /* ShellScript */,
				2B708A14266AC5DFCECDBC7D /* [CP] Embed Pods Frameworks */,
			);
			buildRules = (
			);
			dependencies = (
			);
			name = Flix;
			productName = Flix;
			productReference = 9BB248DB27C2116C00315D43 /* Flix.app */;
			productType = "com.apple.product-type.application";
		};
/* End PBXNativeTarget section */

/* Begin PBXProject section */
		9BB248D327C2116C00315D43 /* Project object */ = {
			isa = PBXProject;
			attributes = {
				BuildIndependentTargetsInParallel = 1;
				LastSwiftUpdateCheck = 1320;
				LastUpgradeCheck = 1320;
				TargetAttributes = {
					9BB248DA27C2116C00315D43 = {
						CreatedOnToolsVersion = 13.2.1;
					};
				};
			};
			buildConfigurationList = 9BB248D627C2116C00315D43 /* Build configuration list for PBXProject "Flix" */;
			compatibilityVersion = "Xcode 13.0";
			developmentRegion = en;
			hasScannedForEncodings = 0;
			knownRegions = (
				en,
				Base,
			);
			mainGroup = 9BB248D227C2116C00315D43;
			productRefGroup = 9BB248DC27C2116C00315D43 /* Products */;
			projectDirPath = "";
			projectRoot = "";
			targets = (
				9BB248DA27C2116C00315D43 /* Flix */,
			);
		};
/* End PBXProject section */

/* Begin PBXResourcesBuildPhase section */
		9BB248D927C2116C00315D43 /* Resources */ = {
			isa = PBXResourcesBuildPhase;
			buildActionMask = 2147483647;
			files = (
				9BB248EB27C2116E00315D43 /* LaunchScreen.storyboard in Resources */,
				9BB248E827C2116E00315D43 /* Assets.xcassets in Resources */,
				9BB248E627C2116C00315D43 /* Main.storyboard in Resources */,
			);
			runOnlyForDeploymentPostprocessing = 0;
		};
/* End PBXResourcesBuildPhase section */

/* Begin PBXShellScriptBuildPhase section */
		2B708A14266AC5DFCECDBC7D /* [CP] Embed Pods Frameworks */ = {
			isa = PBXShellScriptBuildPhase;
			buildActionMask = 2147483647;
			files = (
			);
			inputFileListPaths = (
				"${PODS_ROOT}/Target Support Files/Pods-Flix/Pods-Flix-frameworks-${CONFIGURATION}-input-files.xcfilelist",
			);
			name = "[CP] Embed Pods Frameworks";
			outputFileListPaths = (
				"${PODS_ROOT}/Target Support Files/Pods-Flix/Pods-Flix-frameworks-${CONFIGURATION}-output-files.xcfilelist",
			);
			runOnlyForDeploymentPostprocessing = 0;
			shellPath = /bin/sh;
			shellScript = "\"${PODS_ROOT}/Target Support Files/Pods-Flix/Pods-Flix-frameworks.sh\"\n";
			showEnvVarsInLog = 0;
		};
		9BB248F227C2121D00315D43 /* ShellScript */ = {
			isa = PBXShellScriptBuildPhase;
			buildActionMask = 2147483647;
			files = (
			);
			inputFileListPaths = (
			);
			inputPaths = (
			);
			outputFileListPaths = (
			);
			outputPaths = (
			);
			runOnlyForDeploymentPostprocessing = 0;
			shellPath = /bin/sh;
			shellScript = "# Type a script or drag a script file from your workspace to insert its path.\nexport PATH=\"$PATH:/opt/homebrew/bin\"\n\nif which swiftlint >/dev/null; then\n  swiftlint --fix && swiftlint\nelse\n  echo \"warning: SwiftLint not installed, download from https://github.com/realm/SwiftLint\"\nfi\n";
		};
		9D0A222F2311B5BAB4CFC922 /* [CP] Check Pods Manifest.lock */ = {
			isa = PBXShellScriptBuildPhase;
			buildActionMask = 2147483647;
			files = (
			);
			inputFileListPaths = (
			);
			inputPaths = (
				"${PODS_PODFILE_DIR_PATH}/Podfile.lock",
				"${PODS_ROOT}/Manifest.lock",
			);
			name = "[CP] Check Pods Manifest.lock";
			outputFileListPaths = (
			);
			outputPaths = (
				"$(DERIVED_FILE_DIR)/Pods-Flix-checkManifestLockResult.txt",
			);
			runOnlyForDeploymentPostprocessing = 0;
			shellPath = /bin/sh;
			shellScript = "diff \"${PODS_PODFILE_DIR_PATH}/Podfile.lock\" \"${PODS_ROOT}/Manifest.lock\" > /dev/null\nif [ $? != 0 ] ; then\n    # print error to STDERR\n    echo \"error: The sandbox is not in sync with the Podfile.lock. Run 'pod install' or update your CocoaPods installation.\" >&2\n    exit 1\nfi\n# This output is used by Xcode 'outputs' to avoid re-running this script phase.\necho \"SUCCESS\" > \"${SCRIPT_OUTPUT_FILE_0}\"\n";
			showEnvVarsInLog = 0;
		};
/* End PBXShellScriptBuildPhase section */

/* Begin PBXSourcesBuildPhase section */
		9BB248D727C2116C00315D43 /* Sources */ = {
			isa = PBXSourcesBuildPhase;
			buildActionMask = 2147483647;
			files = (
				9BD363FC27CC21D3003EB09E /* FlixGridCell.swift in Sources */,
				9BB248E327C2116C00315D43 /* FlixViewController.swift in Sources */,
				9BD363FA27CC1A57003EB09E /* FlixGridViewController.swift in Sources */,
				9BB248DF27C2116C00315D43 /* AppDelegate.swift in Sources */,
				9BD363F827CABE9B003EB09E /* FlixDetailsViewController.swift in Sources */,
				9BB248F427C221E700315D43 /* MoviesCell.swift in Sources */,
				9BD363FE27CC3BB0003EB09E /* FlixPreviewViewController.swift in Sources */,
				9BB248E127C2116C00315D43 /* SceneDelegate.swift in Sources */,
			);
			runOnlyForDeploymentPostprocessing = 0;
		};
/* End PBXSourcesBuildPhase section */

/* Begin PBXVariantGroup section */
		9BB248E427C2116C00315D43 /* Main.storyboard */ = {
			isa = PBXVariantGroup;
			children = (
				9BB248E527C2116C00315D43 /* Base */,
			);
			name = Main.storyboard;
			sourceTree = "<group>";
		};
		9BB248E927C2116E00315D43 /* LaunchScreen.storyboard */ = {
			isa = PBXVariantGroup;
			children = (
				9BB248EA27C2116E00315D43 /* Base */,
			);
			name = LaunchScreen.storyboard;
			sourceTree = "<group>";
		};
/* End PBXVariantGroup section */

/* Begin XCBuildConfiguration section */
		9BB248ED27C2116E00315D43 /* Debug */ = {
			isa = XCBuildConfiguration;
			buildSettings = {
				ALWAYS_SEARCH_USER_PATHS = NO;
				CLANG_ANALYZER_NONNULL = YES;
				CLANG_ANALYZER_NUMBER_OBJECT_CONVERSION = YES_AGGRESSIVE;
				CLANG_CXX_LANGUAGE_STANDARD = "gnu++17";
				CLANG_CXX_LIBRARY = "libc++";
				CLANG_ENABLE_MODULES = YES;
				CLANG_ENABLE_OBJC_ARC = YES;
				CLANG_ENABLE_OBJC_WEAK = YES;
				CLANG_WARN_BLOCK_CAPTURE_AUTORELEASING = YES;
				CLANG_WARN_BOOL_CONVERSION = YES;
				CLANG_WARN_COMMA = YES;
				CLANG_WARN_CONSTANT_CONVERSION = YES;
				CLANG_WARN_DEPRECATED_OBJC_IMPLEMENTATIONS = YES;
				CLANG_WARN_DIRECT_OBJC_ISA_USAGE = YES_ERROR;
				CLANG_WARN_DOCUMENTATION_COMMENTS = YES;
				CLANG_WARN_EMPTY_BODY = YES;
				CLANG_WARN_ENUM_CONVERSION = YES;
				CLANG_WARN_INFINITE_RECURSION = YES;
				CLANG_WARN_INT_CONVERSION = YES;
				CLANG_WARN_NON_LITERAL_NULL_CONVERSION = YES;
				CLANG_WARN_OBJC_IMPLICIT_RETAIN_SELF = YES;
				CLANG_WARN_OBJC_LITERAL_CONVERSION = YES;
				CLANG_WARN_OBJC_ROOT_CLASS = YES_ERROR;
				CLANG_WARN_QUOTED_INCLUDE_IN_FRAMEWORK_HEADER = YES;
				CLANG_WARN_RANGE_LOOP_ANALYSIS = YES;
				CLANG_WARN_STRICT_PROTOTYPES = YES;
				CLANG_WARN_SUSPICIOUS_MOVE = YES;
				CLANG_WARN_UNGUARDED_AVAILABILITY = YES_AGGRESSIVE;
				CLANG_WARN_UNREACHABLE_CODE = YES;
				CLANG_WARN__DUPLICATE_METHOD_MATCH = YES;
				COPY_PHASE_STRIP = NO;
				DEBUG_INFORMATION_FORMAT = dwarf;
				ENABLE_STRICT_OBJC_MSGSEND = YES;
				ENABLE_TESTABILITY = YES;
				GCC_C_LANGUAGE_STANDARD = gnu11;
				GCC_DYNAMIC_NO_PIC = NO;
				GCC_NO_COMMON_BLOCKS = YES;
				GCC_OPTIMIZATION_LEVEL = 0;
				GCC_PREPROCESSOR_DEFINITIONS = (
					"DEBUG=1",
					"$(inherited)",
				);
				GCC_WARN_64_TO_32_BIT_CONVERSION = YES;
				GCC_WARN_ABOUT_RETURN_TYPE = YES_ERROR;
				GCC_WARN_UNDECLARED_SELECTOR = YES;
				GCC_WARN_UNINITIALIZED_AUTOS = YES_AGGRESSIVE;
				GCC_WARN_UNUSED_FUNCTION = YES;
				GCC_WARN_UNUSED_VARIABLE = YES;
				IPHONEOS_DEPLOYMENT_TARGET = 15.2;
				MTL_ENABLE_DEBUG_INFO = INCLUDE_SOURCE;
				MTL_FAST_MATH = YES;
				ONLY_ACTIVE_ARCH = YES;
				SDKROOT = iphoneos;
				SWIFT_ACTIVE_COMPILATION_CONDITIONS = DEBUG;
				SWIFT_OPTIMIZATION_LEVEL = "-Onone";
			};
			name = Debug;
		};
		9BB248EE27C2116E00315D43 /* Release */ = {
			isa = XCBuildConfiguration;
			buildSettings = {
				ALWAYS_SEARCH_USER_PATHS = NO;
				CLANG_ANALYZER_NONNULL = YES;
				CLANG_ANALYZER_NUMBER_OBJECT_CONVERSION = YES_AGGRESSIVE;
				CLANG_CXX_LANGUAGE_STANDARD = "gnu++17";
				CLANG_CXX_LIBRARY = "libc++";
				CLANG_ENABLE_MODULES = YES;
				CLANG_ENABLE_OBJC_ARC = YES;
				CLANG_ENABLE_OBJC_WEAK = YES;
				CLANG_WARN_BLOCK_CAPTURE_AUTORELEASING = YES;
				CLANG_WARN_BOOL_CONVERSION = YES;
				CLANG_WARN_COMMA = YES;
				CLANG_WARN_CONSTANT_CONVERSION = YES;
				CLANG_WARN_DEPRECATED_OBJC_IMPLEMENTATIONS = YES;
				CLANG_WARN_DIRECT_OBJC_ISA_USAGE = YES_ERROR;
				CLANG_WARN_DOCUMENTATION_COMMENTS = YES;
				CLANG_WARN_EMPTY_BODY = YES;
				CLANG_WARN_ENUM_CONVERSION = YES;
				CLANG_WARN_INFINITE_RECURSION = YES;
				CLANG_WARN_INT_CONVERSION = YES;
				CLANG_WARN_NON_LITERAL_NULL_CONVERSION = YES;
				CLANG_WARN_OBJC_IMPLICIT_RETAIN_SELF = YES;
				CLANG_WARN_OBJC_LITERAL_CONVERSION = YES;
				CLANG_WARN_OBJC_ROOT_CLASS = YES_ERROR;
				CLANG_WARN_QUOTED_INCLUDE_IN_FRAMEWORK_HEADER = YES;
				CLANG_WARN_RANGE_LOOP_ANALYSIS = YES;
				CLANG_WARN_STRICT_PROTOTYPES = YES;
				CLANG_WARN_SUSPICIOUS_MOVE = YES;
				CLANG_WARN_UNGUARDED_AVAILABILITY = YES_AGGRESSIVE;
				CLANG_WARN_UNREACHABLE_CODE = YES;
				CLANG_WARN__DUPLICATE_METHOD_MATCH = YES;
				COPY_PHASE_STRIP = NO;
				DEBUG_INFORMATION_FORMAT = "dwarf-with-dsym";
				ENABLE_NS_ASSERTIONS = NO;
				ENABLE_STRICT_OBJC_MSGSEND = YES;
				GCC_C_LANGUAGE_STANDARD = gnu11;
				GCC_NO_COMMON_BLOCKS = YES;
				GCC_WARN_64_TO_32_BIT_CONVERSION = YES;
				GCC_WARN_ABOUT_RETURN_TYPE = YES_ERROR;
				GCC_WARN_UNDECLARED_SELECTOR = YES;
				GCC_WARN_UNINITIALIZED_AUTOS = YES_AGGRESSIVE;
				GCC_WARN_UNUSED_FUNCTION = YES;
				GCC_WARN_UNUSED_VARIABLE = YES;
				IPHONEOS_DEPLOYMENT_TARGET = 15.2;
				MTL_ENABLE_DEBUG_INFO = NO;
				MTL_FAST_MATH = YES;
				SDKROOT = iphoneos;
				SWIFT_COMPILATION_MODE = wholemodule;
				SWIFT_OPTIMIZATION_LEVEL = "-O";
				VALIDATE_PRODUCT = YES;
			};
			name = Release;
		};
		9BB248F027C2116E00315D43 /* Debug */ = {
			isa = XCBuildConfiguration;
			baseConfigurationReference = 3BF39C56FB3B9B587ADAC834 /* Pods-Flix.debug.xcconfig */;
			buildSettings = {
				ASSETCATALOG_COMPILER_APPICON_NAME = AppIcon;
				ASSETCATALOG_COMPILER_GLOBAL_ACCENT_COLOR_NAME = AccentColor;
				CODE_SIGN_STYLE = Automatic;
				CURRENT_PROJECT_VERSION = 1;
				DEVELOPMENT_TEAM = QLRJ66XZ6L;
				GENERATE_INFOPLIST_FILE = YES;
				INFOPLIST_FILE = Flix/Info.plist;
				INFOPLIST_KEY_UIApplicationSupportsIndirectInputEvents = YES;
				INFOPLIST_KEY_UILaunchStoryboardName = LaunchScreen;
				INFOPLIST_KEY_UIMainStoryboardFile = Main;
				INFOPLIST_KEY_UISupportedInterfaceOrientations_iPad = "UIInterfaceOrientationPortrait UIInterfaceOrientationPortraitUpsideDown UIInterfaceOrientationLandscapeLeft UIInterfaceOrientationLandscapeRight";
				INFOPLIST_KEY_UISupportedInterfaceOrientations_iPhone = "UIInterfaceOrientationPortrait UIInterfaceOrientationLandscapeLeft UIInterfaceOrientationLandscapeRight";
				LD_RUNPATH_SEARCH_PATHS = (
					"$(inherited)",
					"@executable_path/Frameworks",
				);
				MARKETING_VERSION = 1.0;
				PRODUCT_BUNDLE_IDENTIFIER = com.rutvij.Flix;
				PRODUCT_NAME = "$(TARGET_NAME)";
				SWIFT_EMIT_LOC_STRINGS = YES;
				SWIFT_VERSION = 5.0;
				TARGETED_DEVICE_FAMILY = "1,2";
			};
			name = Debug;
		};
		9BB248F127C2116E00315D43 /* Release */ = {
			isa = XCBuildConfiguration;
			baseConfigurationReference = 7833C352E171F8426FAE697A /* Pods-Flix.release.xcconfig */;
			buildSettings = {
				ASSETCATALOG_COMPILER_APPICON_NAME = AppIcon;
				ASSETCATALOG_COMPILER_GLOBAL_ACCENT_COLOR_NAME = AccentColor;
				CODE_SIGN_STYLE = Automatic;
				CURRENT_PROJECT_VERSION = 1;
				DEVELOPMENT_TEAM = QLRJ66XZ6L;
				GENERATE_INFOPLIST_FILE = YES;
				INFOPLIST_FILE = Flix/Info.plist;
				INFOPLIST_KEY_UIApplicationSupportsIndirectInputEvents = YES;
				INFOPLIST_KEY_UILaunchStoryboardName = LaunchScreen;
				INFOPLIST_KEY_UIMainStoryboardFile = Main;
				INFOPLIST_KEY_UISupportedInterfaceOrientations_iPad = "UIInterfaceOrientationPortrait UIInterfaceOrientationPortraitUpsideDown UIInterfaceOrientationLandscapeLeft UIInterfaceOrientationLandscapeRight";
				INFOPLIST_KEY_UISupportedInterfaceOrientations_iPhone = "UIInterfaceOrientationPortrait UIInterfaceOrientationLandscapeLeft UIInterfaceOrientationLandscapeRight";
				LD_RUNPATH_SEARCH_PATHS = (
					"$(inherited)",
					"@executable_path/Frameworks",
				);
				MARKETING_VERSION = 1.0;
				PRODUCT_BUNDLE_IDENTIFIER = com.rutvij.Flix;
				PRODUCT_NAME = "$(TARGET_NAME)";
				SWIFT_EMIT_LOC_STRINGS = YES;
				SWIFT_VERSION = 5.0;
				TARGETED_DEVICE_FAMILY = "1,2";
			};
			name = Release;
		};
/* End XCBuildConfiguration section */

/* Begin XCConfigurationList section */
		9BB248D627C2116C00315D43 /* Build configuration list for PBXProject "Flix" */ = {
			isa = XCConfigurationList;
			buildConfigurations = (
				9BB248ED27C2116E00315D43 /* Debug */,
				9BB248EE27C2116E00315D43 /* Release */,
			);
			defaultConfigurationIsVisible = 0;
			defaultConfigurationName = Release;
		};
		9BB248EF27C2116E00315D43 /* Build configuration list for PBXNativeTarget "Flix" */ = {
			isa = XCConfigurationList;
			buildConfigurations = (
				9BB248F027C2116E00315D43 /* Debug */,
				9BB248F127C2116E00315D43 /* Release */,
			);
			defaultConfigurationIsVisible = 0;
			defaultConfigurationName = Release;
		};
/* End XCConfigurationList section */
	};
	rootObject = 9BB248D327C2116C00315D43 /* Project object */;
}
